
Microsoft Visual Studio Solution File, Format Version 12.00
# Visual Studio Version 16
VisualStudioVersion = 16.0.33927.289
MinimumVisualStudioVersion = 10.0.40219.1
Project("{2150E333-8FDC-42A3-9474-1A3956D46DE8}") = "Task0", "Task0", "{90905777-15EB-4A90-8E64-53DCC5A75612}"
EndProject
Project("{FAE04EC0-301F-11D3-BF4B-00C04F79EFBC}") = "Tyuiu.KupriyanovEA.Sprint4.Task0.V7", "Tyuiu.KupriyanovEA.Sprint4.Task0.V7\Tyuiu.KupriyanovEA.Sprint4.Task0.V7.csproj", "{74DDC671-280C-4F6D-A72A-3F98EF5E9235}"
EndProject
Project("{FAE04EC0-301F-11D3-BF4B-00C04F79EFBC}") = "Tyuiu.KupriyanovEA.Sprint4.Task0.V7.Lib", "Tyuiu.KupriyanovEA.Sprint4.Task0.V7.Lib\Tyuiu.KupriyanovEA.Sprint4.Task0.V7.Lib.csproj", "{052F6900-4B2C-42F6-B9DD-8EC3C63F90D4}"
EndProject
Project("{FAE04EC0-301F-11D3-BF4B-00C04F79EFBC}") = "Tyuiu.KupriyanovEA.Sprint4.Task0.V7.Test", "Tyuiu.KupriyanovEA.Sprint4.Task0.V7.Test\Tyuiu.KupriyanovEA.Sprint4.Task0.V7.Test.csproj", "{21F338B3-5083-44DF-943A-F5274FE97716}"
EndProject
Project("{2150E333-8FDC-42A3-9474-1A3956D46DE8}") = "Task1", "Task1", "{F251CCB6-B398-45AA-AD3D-D27605429DF1}"
EndProject
Project("{FAE04EC0-301F-11D3-BF4B-00C04F79EFBC}") = "Tyuiu.KupriyanovEA.Sprint4.Task1.V1", "Tyuiu.KupriyanovEA.Sprint4.Task1.V1\Tyuiu.KupriyanovEA.Sprint4.Task1.V1.csproj", "{3FF77782-C39D-4AB9-BF84-A39F9D84AC15}"
EndProject
Project("{FAE04EC0-301F-11D3-BF4B-00C04F79EFBC}") = "Tyuiu.KupriyanovEA.Sprint4.Task1.V1.Lib", "Tyuiu.KupriyanovEA.Sprint4.Task1.V1.Lib\Tyuiu.KupriyanovEA.Sprint4.Task1.V1.Lib.csproj", "{2590EF08-8A67-4AF4-B6A3-F2D0C4E5D0A8}"
EndProject
Project("{FAE04EC0-301F-11D3-BF4B-00C04F79EFBC}") = "Tyuiu.KupriyanovEA.Sprint4.Task1.V1.Test", "Tyuiu.KupriyanovEA.Sprint4.Task1.V1.Test\Tyuiu.KupriyanovEA.Sprint4.Task1.V1.Test.csproj", "{2295ACCF-1849-4EA4-AA3D-127EBFB965B8}"
EndProject
Project("{2150E333-8FDC-42A3-9474-1A3956D46DE8}") = "Task2", "Task2", "{F9AE0EE6-39B6-4553-9375-BF47DB8964D3}"
EndProject
Project("{FAE04EC0-301F-11D3-BF4B-00C04F79EFBC}") = "Tyuiu.KupriyanovEA.Sprint4.Task2.V29", "Tyuiu.KupriyanovEA.Sprint4.Task2.V29\Tyuiu.KupriyanovEA.Sprint4.Task2.V29.csproj", "{F53B8608-D968-478C-AACC-02E28E2E7D13}"
EndProject
Project("{FAE04EC0-301F-11D3-BF4B-00C04F79EFBC}") = "Tyuiu.KupriyanovEA.Sprint4.Task2.V29.Lib", "Tyuiu.KupriyanovEA.Sprint4.Task2.V29.Lib\Tyuiu.KupriyanovEA.Sprint4.Task2.V29.Lib.csproj", "{BD9E781F-FC61-4ED5-B7BB-567674780842}"
EndProject
Project("{FAE04EC0-301F-11D3-BF4B-00C04F79EFBC}") = "Tyuiu.KupriyanovEA.Sprint4.Task2.V29.Test", "Tyuiu.KupriyanovEA.Sprint4.Task2.V29.Test\Tyuiu.KupriyanovEA.Sprint4.Task2.V29.Test.csproj", "{EE899312-8B4C-4A7B-9DD1-83FC13881655}"
EndProject
Project("{2150E333-8FDC-42A3-9474-1A3956D46DE8}") = "Task3", "Task3", "{AF29B1C7-565F-43EB-A484-3D8745CF0263}"
EndProject
Project("{FAE04EC0-301F-11D3-BF4B-00C04F79EFBC}") = "Tyuiu.KupriyanovEA.Sprint4.Task3.V26", "Tyuiu.KupriyanovEA.Sprint4.Task3.V26\Tyuiu.KupriyanovEA.Sprint4.Task3.V26.csproj", "{7E1F943F-8BE9-4EE1-86B7-043FF51F31AE}"
EndProject
Project("{FAE04EC0-301F-11D3-BF4B-00C04F79EFBC}") = "Tyuiu.KupriyanovEA.Sprint4.Task3.V26.Lib", "Tyuiu.KupriyanovEA.Sprint4.Task3.V26.Lib\Tyuiu.KupriyanovEA.Sprint4.Task3.V26.Lib.csproj", "{91D2CFDA-3FF5-4848-B534-AFFD32F28B36}"
EndProject
Project("{FAE04EC0-301F-11D3-BF4B-00C04F79EFBC}") = "Tyuiu.KupriyanovEA.Sprint4.Task3.V26.Test", "Tyuiu.KupriyanovEA.Sprint4.Task3.V26.Test\Tyuiu.KupriyanovEA.Sprint4.Task3.V26.Test.csproj", "{5EE8042F-E92A-4CC5-80FD-388FF99499DC}"
EndProject
Project("{2150E333-8FDC-42A3-9474-1A3956D46DE8}") = "Task4", "Task4", "{2E1868A9-12FB-49A3-A861-8A239A79C65F}"
EndProject
Project("{FAE04EC0-301F-11D3-BF4B-00C04F79EFBC}") = "Tyuiu.KupriyanovEA.Sprint4.Task4.V29", "Tyuiu.KupriyanovEA.Sprint4.Task4.V29\Tyuiu.KupriyanovEA.Sprint4.Task4.V29.csproj", "{53132884-CB46-4FD2-84FF-83BAE5BF22AB}"
EndProject
Project("{FAE04EC0-301F-11D3-BF4B-00C04F79EFBC}") = "Tyuiu.KupriyanovEA.Sprint4.Task4.V29.Lib", "Tyuiu.KupriyanovEA.Sprint4.Task4.V29.Lib\Tyuiu.KupriyanovEA.Sprint4.Task4.V29.Lib.csproj", "{22FDF762-BB30-4E65-B0E7-962C9528F1BD}"
EndProject
Project("{FAE04EC0-301F-11D3-BF4B-00C04F79EFBC}") = "Tyuiu.KupriyanovEA.Sprint4.Task4.V29.Test", "Tyuiu.KupriyanovEA.Sprint4.Task4.V29.Test\Tyuiu.KupriyanovEA.Sprint4.Task4.V29.Test.csproj", "{0363BA0C-084C-40F7-942D-4210739BE345}"
EndProject
Project("{2150E333-8FDC-42A3-9474-1A3956D46DE8}") = "Task5", "Task5", "{99B156FC-43E1-45D2-81A7-35A6DCC0DA25}"
EndProject
Project("{FAE04EC0-301F-11D3-BF4B-00C04F79EFBC}") = "Tyuiu.KupriyanovEA.Sprint4.Task5.V30", "Tyuiu.KupriyanovEA.Sprint4.Task5.V30\Tyuiu.KupriyanovEA.Sprint4.Task5.V30.csproj", "{FDF9DE43-A030-4435-9C7A-3F2C989ACD27}"
EndProject
Project("{FAE04EC0-301F-11D3-BF4B-00C04F79EFBC}") = "Tyuiu.KupriyanovEA.Sprint4.Task5.V30.Lib", "Tyuiu.KupriyanovEA.Sprint4.Task5.V30.Lib\Tyuiu.KupriyanovEA.Sprint4.Task5.V30.Lib.csproj", "{572E4328-2F30-47A9-9A86-9CF0F0E3311C}"
EndProject
Project("{FAE04EC0-301F-11D3-BF4B-00C04F79EFBC}") = "Tyuiu.KupriyanovEA.Sprint4.Task5.V30.Test", "Tyuiu.KupriyanovEA.Sprint4.Task5.V30.Test\Tyuiu.KupriyanovEA.Sprint4.Task5.V30.Test.csproj", "{D1A975C5-472D-48A0-AB1D-8F96DE6C66C4}"
EndProject
Project("{2150E333-8FDC-42A3-9474-1A3956D46DE8}") = "Task6", "Task6", "{F8549F13-BDCA-4F23-BC15-753DCCB69AB0}"
EndProject
Project("{FAE04EC0-301F-11D3-BF4B-00C04F79EFBC}") = "Tyuiu.KupriyanovEA.Sprint4.Task6.V13", "Tyuiu.KupriyanovEA.Sprint4.Task6.V13\Tyuiu.KupriyanovEA.Sprint4.Task6.V13.csproj", "{31A48242-3A20-49BA-A10A-757624AF61D1}"
EndProject
Project("{FAE04EC0-301F-11D3-BF4B-00C04F79EFBC}") = "Tyuiu.KupriyanovEA.Sprint4.Task6.V13.Lib", "Tyuiu.KupriyanovEA.Sprint4.Task6.V13.Lib\Tyuiu.KupriyanovEA.Sprint4.Task6.V13.Lib.csproj", "{FF606BE2-43FD-442B-9404-A1F47197956A}"
EndProject
Project("{FAE04EC0-301F-11D3-BF4B-00C04F79EFBC}") = "Tyuiu.KupriyanovEA.Sprint4.Task6.V13.Test", "Tyuiu.KupriyanovEA.Sprint4.Task6.V13.Test\Tyuiu.KupriyanovEA.Sprint4.Task6.V13.Test.csproj", "{3675EA75-A91D-4C61-9F85-190F63F65FC9}"
EndProject
Project("{2150E333-8FDC-42A3-9474-1A3956D46DE8}") = "Task7", "Task7", "{0E626C8A-08A0-49B5-B467-F2B2AC752EAF}"
EndProject
Project("{FAE04EC0-301F-11D3-BF4B-00C04F79EFBC}") = "Tyuiu.KupriyanovEA.Sprint4.Task7.V27", "Tyuiu.KupriyanovEA.Sprint4.Task7.V27\Tyuiu.KupriyanovEA.Sprint4.Task7.V27.csproj", "{29D5AE6F-6B28-4DA7-BA1F-374A621D5BDB}"
EndProject
Project("{FAE04EC0-301F-11D3-BF4B-00C04F79EFBC}") = "Tyuiu.KupriyanovEA.Sprint4.Task7.V27.Lib", "Tyuiu.KupriyanovEA.Sprint4.Task7.V27.Lib\Tyuiu.KupriyanovEA.Sprint4.Task7.V27.Lib.csproj", "{E93B6961-B2F0-4DBF-AB0D-B78E7C149400}"
EndProject
Project("{FAE04EC0-301F-11D3-BF4B-00C04F79EFBC}") = "Tyuiu.KupriyanovEA.Sprint4.Task7.V27.Test", "Tyuiu.KupriyanovEA.Sprint4.Task7.V27.Test\Tyuiu.KupriyanovEA.Sprint4.Task7.V27.Test.csproj", "{B54AC13E-5681-4286-AC0B-E2BD6EF07008}"
EndProject
Global
	GlobalSection(SolutionConfigurationPlatforms) = preSolution
		Debug|Any CPU = Debug|Any CPU
		Release|Any CPU = Release|Any CPU
	EndGlobalSection
	GlobalSection(ProjectConfigurationPlatforms) = postSolution
		{74DDC671-280C-4F6D-A72A-3F98EF5E9235}.Debug|Any CPU.ActiveCfg = Debug|Any CPU
		{74DDC671-280C-4F6D-A72A-3F98EF5E9235}.Debug|Any CPU.Build.0 = Debug|Any CPU
		{74DDC671-280C-4F6D-A72A-3F98EF5E9235}.Release|Any CPU.ActiveCfg = Release|Any CPU
		{74DDC671-280C-4F6D-A72A-3F98EF5E9235}.Release|Any CPU.Build.0 = Release|Any CPU
		{052F6900-4B2C-42F6-B9DD-8EC3C63F90D4}.Debug|Any CPU.ActiveCfg = Debug|Any CPU
		{052F6900-4B2C-42F6-B9DD-8EC3C63F90D4}.Debug|Any CPU.Build.0 = Debug|Any CPU
		{052F6900-4B2C-42F6-B9DD-8EC3C63F90D4}.Release|Any CPU.ActiveCfg = Release|Any CPU
		{052F6900-4B2C-42F6-B9DD-8EC3C63F90D4}.Release|Any CPU.Build.0 = Release|Any CPU
		{21F338B3-5083-44DF-943A-F5274FE97716}.Debug|Any CPU.ActiveCfg = Debug|Any CPU
		{21F338B3-5083-44DF-943A-F5274FE97716}.Debug|Any CPU.Build.0 = Debug|Any CPU
		{21F338B3-5083-44DF-943A-F5274FE97716}.Release|Any CPU.ActiveCfg = Release|Any CPU
		{21F338B3-5083-44DF-943A-F5274FE97716}.Release|Any CPU.Build.0 = Release|Any CPU
		{3FF77782-C39D-4AB9-BF84-A39F9D84AC15}.Debug|Any CPU.ActiveCfg = Debug|Any CPU
		{3FF77782-C39D-4AB9-BF84-A39F9D84AC15}.Debug|Any CPU.Build.0 = Debug|Any CPU
		{3FF77782-C39D-4AB9-BF84-A39F9D84AC15}.Release|Any CPU.ActiveCfg = Release|Any CPU
		{3FF77782-C39D-4AB9-BF84-A39F9D84AC15}.Release|Any CPU.Build.0 = Release|Any CPU
		{2590EF08-8A67-4AF4-B6A3-F2D0C4E5D0A8}.Debug|Any CPU.ActiveCfg = Debug|Any CPU
		{2590EF08-8A67-4AF4-B6A3-F2D0C4E5D0A8}.Debug|Any CPU.Build.0 = Debug|Any CPU
		{2590EF08-8A67-4AF4-B6A3-F2D0C4E5D0A8}.Release|Any CPU.ActiveCfg = Release|Any CPU
		{2590EF08-8A67-4AF4-B6A3-F2D0C4E5D0A8}.Release|Any CPU.Build.0 = Release|Any CPU
		{2295ACCF-1849-4EA4-AA3D-127EBFB965B8}.Debug|Any CPU.ActiveCfg = Debug|Any CPU
		{2295ACCF-1849-4EA4-AA3D-127EBFB965B8}.Debug|Any CPU.Build.0 = Debug|Any CPU
		{2295ACCF-1849-4EA4-AA3D-127EBFB965B8}.Release|Any CPU.ActiveCfg = Release|Any CPU
		{2295ACCF-1849-4EA4-AA3D-127EBFB965B8}.Release|Any CPU.Build.0 = Release|Any CPU
		{F53B8608-D968-478C-AACC-02E28E2E7D13}.Debug|Any CPU.ActiveCfg = Debug|Any CPU
		{F53B8608-D968-478C-AACC-02E28E2E7D13}.Debug|Any CPU.Build.0 = Debug|Any CPU
		{F53B8608-D968-478C-AACC-02E28E2E7D13}.Release|Any CPU.ActiveCfg = Release|Any CPU
		{F53B8608-D968-478C-AACC-02E28E2E7D13}.Release|Any CPU.Build.0 = Release|Any CPU
		{BD9E781F-FC61-4ED5-B7BB-567674780842}.Debug|Any CPU.ActiveCfg = Debug|Any CPU
		{BD9E781F-FC61-4ED5-B7BB-567674780842}.Debug|Any CPU.Build.0 = Debug|Any CPU
		{BD9E781F-FC61-4ED5-B7BB-567674780842}.Release|Any CPU.ActiveCfg = Release|Any CPU
		{BD9E781F-FC61-4ED5-B7BB-567674780842}.Release|Any CPU.Build.0 = Release|Any CPU
		{EE899312-8B4C-4A7B-9DD1-83FC13881655}.Debug|Any CPU.ActiveCfg = Debug|Any CPU
		{EE899312-8B4C-4A7B-9DD1-83FC13881655}.Debug|Any CPU.Build.0 = Debug|Any CPU
		{EE899312-8B4C-4A7B-9DD1-83FC13881655}.Release|Any CPU.ActiveCfg = Release|Any CPU
		{EE899312-8B4C-4A7B-9DD1-83FC13881655}.Release|Any CPU.Build.0 = Release|Any CPU
		{7E1F943F-8BE9-4EE1-86B7-043FF51F31AE}.Debug|Any CPU.ActiveCfg = Debug|Any CPU
		{7E1F943F-8BE9-4EE1-86B7-043FF51F31AE}.Debug|Any CPU.Build.0 = Debug|Any CPU
		{7E1F943F-8BE9-4EE1-86B7-043FF51F31AE}.Release|Any CPU.ActiveCfg = Release|Any CPU
		{7E1F943F-8BE9-4EE1-86B7-043FF51F31AE}.Release|Any CPU.Build.0 = Release|Any CPU
		{91D2CFDA-3FF5-4848-B534-AFFD32F28B36}.Debug|Any CPU.ActiveCfg = Debug|Any CPU
		{91D2CFDA-3FF5-4848-B534-AFFD32F28B36}.Debug|Any CPU.Build.0 = Debug|Any CPU
		{91D2CFDA-3FF5-4848-B534-AFFD32F28B36}.Release|Any CPU.ActiveCfg = Release|Any CPU
		{91D2CFDA-3FF5-4848-B534-AFFD32F28B36}.Release|Any CPU.Build.0 = Release|Any CPU
		{5EE8042F-E92A-4CC5-80FD-388FF99499DC}.Debug|Any CPU.ActiveCfg = Debug|Any CPU
		{5EE8042F-E92A-4CC5-80FD-388FF99499DC}.Debug|Any CPU.Build.0 = Debug|Any CPU
		{5EE8042F-E92A-4CC5-80FD-388FF99499DC}.Release|Any CPU.ActiveCfg = Release|Any CPU
		{5EE8042F-E92A-4CC5-80FD-388FF99499DC}.Release|Any CPU.Build.0 = Release|Any CPU
		{53132884-CB46-4FD2-84FF-83BAE5BF22AB}.Debug|Any CPU.ActiveCfg = Debug|Any CPU
		{53132884-CB46-4FD2-84FF-83BAE5BF22AB}.Debug|Any CPU.Build.0 = Debug|Any CPU
		{53132884-CB46-4FD2-84FF-83BAE5BF22AB}.Release|Any CPU.ActiveCfg = Release|Any CPU
		{53132884-CB46-4FD2-84FF-83BAE5BF22AB}.Release|Any CPU.Build.0 = Release|Any CPU
		{22FDF762-BB30-4E65-B0E7-962C9528F1BD}.Debug|Any CPU.ActiveCfg = Debug|Any CPU
		{22FDF762-BB30-4E65-B0E7-962C9528F1BD}.Debug|Any CPU.Build.0 = Debug|Any CPU
		{22FDF762-BB30-4E65-B0E7-962C9528F1BD}.Release|Any CPU.ActiveCfg = Release|Any CPU
		{22FDF762-BB30-4E65-B0E7-962C9528F1BD}.Release|Any CPU.Build.0 = Release|Any CPU
		{0363BA0C-084C-40F7-942D-4210739BE345}.Debug|Any CPU.ActiveCfg = Debug|Any CPU
		{0363BA0C-084C-40F7-942D-4210739BE345}.Debug|Any CPU.Build.0 = Debug|Any CPU
		{0363BA0C-084C-40F7-942D-4210739BE345}.Release|Any CPU.ActiveCfg = Release|Any CPU
		{0363BA0C-084C-40F7-942D-4210739BE345}.Release|Any CPU.Build.0 = Release|Any CPU
		{FDF9DE43-A030-4435-9C7A-3F2C989ACD27}.Debug|Any CPU.ActiveCfg = Debug|Any CPU
		{FDF9DE43-A030-4435-9C7A-3F2C989ACD27}.Debug|Any CPU.Build.0 = Debug|Any CPU
		{FDF9DE43-A030-4435-9C7A-3F2C989ACD27}.Release|Any CPU.ActiveCfg = Release|Any CPU
		{FDF9DE43-A030-4435-9C7A-3F2C989ACD27}.Release|Any CPU.Build.0 = Release|Any CPU
		{572E4328-2F30-47A9-9A86-9CF0F0E3311C}.Debug|Any CPU.ActiveCfg = Debug|Any CPU
		{572E4328-2F30-47A9-9A86-9CF0F0E3311C}.Debug|Any CPU.Build.0 = Debug|Any CPU
		{572E4328-2F30-47A9-9A86-9CF0F0E3311C}.Release|Any CPU.ActiveCfg = Release|Any CPU
		{572E4328-2F30-47A9-9A86-9CF0F0E3311C}.Release|Any CPU.Build.0 = Release|Any CPU
		{D1A975C5-472D-48A0-AB1D-8F96DE6C66C4}.Debug|Any CPU.ActiveCfg = Debug|Any CPU
		{D1A975C5-472D-48A0-AB1D-8F96DE6C66C4}.Debug|Any CPU.Build.0 = Debug|Any CPU
		{D1A975C5-472D-48A0-AB1D-8F96DE6C66C4}.Release|Any CPU.ActiveCfg = Release|Any CPU
		{D1A975C5-472D-48A0-AB1D-8F96DE6C66C4}.Release|Any CPU.Build.0 = Release|Any CPU
		{31A48242-3A20-49BA-A10A-757624AF61D1}.Debug|Any CPU.ActiveCfg = Debug|Any CPU
		{31A48242-3A20-49BA-A10A-757624AF61D1}.Debug|Any CPU.Build.0 = Debug|Any CPU
		{31A48242-3A20-49BA-A10A-757624AF61D1}.Release|Any CPU.ActiveCfg = Release|Any CPU
		{31A48242-3A20-49BA-A10A-757624AF61D1}.Release|Any CPU.Build.0 = Release|Any CPU
		{FF606BE2-43FD-442B-9404-A1F47197956A}.Debug|Any CPU.ActiveCfg = Debug|Any CPU
		{FF606BE2-43FD-442B-9404-A1F47197956A}.Debug|Any CPU.Build.0 = Debug|Any CPU
		{FF606BE2-43FD-442B-9404-A1F47197956A}.Release|Any CPU.ActiveCfg = Release|Any CPU
		{FF606BE2-43FD-442B-9404-A1F47197956A}.Release|Any CPU.Build.0 = Release|Any CPU
		{3675EA75-A91D-4C61-9F85-190F63F65FC9}.Debug|Any CPU.ActiveCfg = Debug|Any CPU
		{3675EA75-A91D-4C61-9F85-190F63F65FC9}.Debug|Any CPU.Build.0 = Debug|Any CPU
		{3675EA75-A91D-4C61-9F85-190F63F65FC9}.Release|Any CPU.ActiveCfg = Release|Any CPU
		{3675EA75-A91D-4C61-9F85-190F63F65FC9}.Release|Any CPU.Build.0 = Release|Any CPU
		{29D5AE6F-6B28-4DA7-BA1F-374A621D5BDB}.Debug|Any CPU.ActiveCfg = Debug|Any CPU
		{29D5AE6F-6B28-4DA7-BA1F-374A621D5BDB}.Debug|Any CPU.Build.0 = Debug|Any CPU
		{29D5AE6F-6B28-4DA7-BA1F-374A621D5BDB}.Release|Any CPU.ActiveCfg = Release|Any CPU
		{29D5AE6F-6B28-4DA7-BA1F-374A621D5BDB}.Release|Any CPU.Build.0 = Release|Any CPU
		{E93B6961-B2F0-4DBF-AB0D-B78E7C149400}.Debug|Any CPU.ActiveCfg = Debug|Any CPU
		{E93B6961-B2F0-4DBF-AB0D-B78E7C149400}.Debug|Any CPU.Build.0 = Debug|Any CPU
		{E93B6961-B2F0-4DBF-AB0D-B78E7C149400}.Release|Any CPU.ActiveCfg = Release|Any CPU
		{E93B6961-B2F0-4DBF-AB0D-B78E7C149400}.Release|Any CPU.Build.0 = Release|Any CPU
		{B54AC13E-5681-4286-AC0B-E2BD6EF07008}.Debug|Any CPU.ActiveCfg = Debug|Any CPU
		{B54AC13E-5681-4286-AC0B-E2BD6EF07008}.Debug|Any CPU.Build.0 = Debug|Any CPU
		{B54AC13E-5681-4286-AC0B-E2BD6EF07008}.Release|Any CPU.ActiveCfg = Release|Any CPU
		{B54AC13E-5681-4286-AC0B-E2BD6EF07008}.Release|Any CPU.Build.0 = Release|Any CPU
	EndGlobalSection
	GlobalSection(SolutionProperties) = preSolution
		HideSolutionNode = FALSE
	EndGlobalSection
	GlobalSection(NestedProjects) = preSolution
		{74DDC671-280C-4F6D-A72A-3F98EF5E9235} = {90905777-15EB-4A90-8E64-53DCC5A75612}
		{052F6900-4B2C-42F6-B9DD-8EC3C63F90D4} = {90905777-15EB-4A90-8E64-53DCC5A75612}
		{21F338B3-5083-44DF-943A-F5274FE97716} = {90905777-15EB-4A90-8E64-53DCC5A75612}
		{3FF77782-C39D-4AB9-BF84-A39F9D84AC15} = {F251CCB6-B398-45AA-AD3D-D27605429DF1}
		{2590EF08-8A67-4AF4-B6A3-F2D0C4E5D0A8} = {F251CCB6-B398-45AA-AD3D-D27605429DF1}
		{2295ACCF-1849-4EA4-AA3D-127EBFB965B8} = {F251CCB6-B398-45AA-AD3D-D27605429DF1}
		{F53B8608-D968-478C-AACC-02E28E2E7D13} = {F9AE0EE6-39B6-4553-9375-BF47DB8964D3}
		{BD9E781F-FC61-4ED5-B7BB-567674780842} = {F9AE0EE6-39B6-4553-9375-BF47DB8964D3}
		{EE899312-8B4C-4A7B-9DD1-83FC13881655} = {F9AE0EE6-39B6-4553-9375-BF47DB8964D3}
		{7E1F943F-8BE9-4EE1-86B7-043FF51F31AE} = {AF29B1C7-565F-43EB-A484-3D8745CF0263}
		{91D2CFDA-3FF5-4848-B534-AFFD32F28B36} = {AF29B1C7-565F-43EB-A484-3D8745CF0263}
		{5EE8042F-E92A-4CC5-80FD-388FF99499DC} = {AF29B1C7-565F-43EB-A484-3D8745CF0263}
		{53132884-CB46-4FD2-84FF-83BAE5BF22AB} = {2E1868A9-12FB-49A3-A861-8A239A79C65F}
		{22FDF762-BB30-4E65-B0E7-962C9528F1BD} = {2E1868A9-12FB-49A3-A861-8A239A79C65F}
		{0363BA0C-084C-40F7-942D-4210739BE345} = {2E1868A9-12FB-49A3-A861-8A239A79C65F}
		{FDF9DE43-A030-4435-9C7A-3F2C989ACD27} = {99B156FC-43E1-45D2-81A7-35A6DCC0DA25}
		{572E4328-2F30-47A9-9A86-9CF0F0E3311C} = {99B156FC-43E1-45D2-81A7-35A6DCC0DA25}
		{D1A975C5-472D-48A0-AB1D-8F96DE6C66C4} = {99B156FC-43E1-45D2-81A7-35A6DCC0DA25}
		{31A48242-3A20-49BA-A10A-757624AF61D1} = {F8549F13-BDCA-4F23-BC15-753DCCB69AB0}
		{FF606BE2-43FD-442B-9404-A1F47197956A} = {F8549F13-BDCA-4F23-BC15-753DCCB69AB0}
		{3675EA75-A91D-4C61-9F85-190F63F65FC9} = {F8549F13-BDCA-4F23-BC15-753DCCB69AB0}
		{29D5AE6F-6B28-4DA7-BA1F-374A621D5BDB} = {0E626C8A-08A0-49B5-B467-F2B2AC752EAF}
		{E93B6961-B2F0-4DBF-AB0D-B78E7C149400} = {0E626C8A-08A0-49B5-B467-F2B2AC752EAF}
		{B54AC13E-5681-4286-AC0B-E2BD6EF07008} = {0E626C8A-08A0-49B5-B467-F2B2AC752EAF}
	EndGlobalSection
	GlobalSection(ExtensibilityGlobals) = postSolution
		SolutionGuid = {B5EB9D0A-4A5B-4B58-B41B-366CF6ECFE68}
	EndGlobalSection
EndGlobal
